
Microsoft Visual Studio Solution File, Format Version 12.00
# Visual Studio Version 17
VisualStudioVersion = 17.8.34525.116
MinimumVisualStudioVersion = 10.0.40219.1
Project("{FAE04EC0-301F-11D3-BF4B-00C04F79EFBC}") = "BOOT.Application", "BOOT.Application\BOOT.Application.csproj", "{83784449-A69A-4F57-B0A3-990EF979815D}"
EndProject
Project("{FAE04EC0-301F-11D3-BF4B-00C04F79EFBC}") = "BOOT.Domain", "BOOT.Domain\BOOT.Domain.csproj", "{6106CCFD-1A8A-44E2-AB4D-234EDBD7BE3E}"
EndProject
Project("{FAE04EC0-301F-11D3-BF4B-00C04F79EFBC}") = "BOOT.Utilities", "BOOT.Utilities\BOOT.Utilities.csproj", "{D570D119-B85B-40D5-859D-CBEF7EEAC5FA}"
EndProject
Project("{FAE04EC0-301F-11D3-BF4B-00C04F79EFBC}") = "BOOT.Infrastructura", "BOOT.Infrastructura\BOOT.Infrastructura.csproj", "{291E3A60-D83D-4E83-A77A-881BF5A3A748}"
EndProject
Project("{FAE04EC0-301F-11D3-BF4B-00C04F79EFBC}") = "BOOT.Api", "BOOT.Api\BOOT.Api.csproj", "{76F3CCE2-5FB8-41ED-9DDB-94CABC50E520}"
EndProject
Global
	GlobalSection(SolutionConfigurationPlatforms) = preSolution
		Debug|Any CPU = Debug|Any CPU
		Release|Any CPU = Release|Any CPU
	EndGlobalSection
	GlobalSection(ProjectConfigurationPlatforms) = postSolution
		{83784449-A69A-4F57-B0A3-990EF979815D}.Debug|Any CPU.ActiveCfg = Debug|Any CPU
		{83784449-A69A-4F57-B0A3-990EF979815D}.Debug|Any CPU.Build.0 = Debug|Any CPU
		{83784449-A69A-4F57-B0A3-990EF979815D}.Release|Any CPU.ActiveCfg = Release|Any CPU
		{83784449-A69A-4F57-B0A3-990EF979815D}.Release|Any CPU.Build.0 = Release|Any CPU
		{6106CCFD-1A8A-44E2-AB4D-234EDBD7BE3E}.Debug|Any CPU.ActiveCfg = Debug|Any CPU
		{6106CCFD-1A8A-44E2-AB4D-234EDBD7BE3E}.Debug|Any CPU.Build.0 = Debug|Any CPU
		{6106CCFD-1A8A-44E2-AB4D-234EDBD7BE3E}.Release|Any CPU.ActiveCfg = Release|Any CPU
		{6106CCFD-1A8A-44E2-AB4D-234EDBD7BE3E}.Release|Any CPU.Build.0 = Release|Any CPU
		{D570D119-B85B-40D5-859D-CBEF7EEAC5FA}.Debug|Any CPU.ActiveCfg = Debug|Any CPU
		{D570D119-B85B-40D5-859D-CBEF7EEAC5FA}.Debug|Any CPU.Build.0 = Debug|Any CPU
		{D570D119-B85B-40D5-859D-CBEF7EEAC5FA}.Release|Any CPU.ActiveCfg = Release|Any CPU
		{D570D119-B85B-40D5-859D-CBEF7EEAC5FA}.Release|Any CPU.Build.0 = Release|Any CPU
		{291E3A60-D83D-4E83-A77A-881BF5A3A748}.Debug|Any CPU.ActiveCfg = Debug|Any CPU
		{291E3A60-D83D-4E83-A77A-881BF5A3A748}.Debug|Any CPU.Build.0 = Debug|Any CPU
		{291E3A60-D83D-4E83-A77A-881BF5A3A748}.Release|Any CPU.ActiveCfg = Release|Any CPU
		{291E3A60-D83D-4E83-A77A-881BF5A3A748}.Release|Any CPU.Build.0 = Release|Any CPU
		{76F3CCE2-5FB8-41ED-9DDB-94CABC50E520}.Debug|Any CPU.ActiveCfg = Debug|Any CPU
		{76F3CCE2-5FB8-41ED-9DDB-94CABC50E520}.Debug|Any CPU.Build.0 = Debug|Any CPU
		{76F3CCE2-5FB8-41ED-9DDB-94CABC50E520}.Release|Any CPU.ActiveCfg = Release|Any CPU
		{76F3CCE2-5FB8-41ED-9DDB-94CABC50E520}.Release|Any CPU.Build.0 = Release|Any CPU
	EndGlobalSection
	GlobalSection(SolutionProperties) = preSolution
		HideSolutionNode = FALSE
	EndGlobalSection
	GlobalSection(ExtensibilityGlobals) = postSolution
		SolutionGuid = {7FBA3551-C872-4B16-9315-025FCA51C4BE}
	EndGlobalSection
EndGlobal
